{
    "_readme": [
        "This file locks the dependencies of your project to a known state",
        "Read more about it at https://getcomposer.org/doc/01-basic-usage.md#installing-dependencies",
        "This file is @generated automatically"
    ],
    "content-hash": "713b1cfa4433441a07b712b55153e8ae",
    "packages": [
        {
            "name": "jorenvanhocht/laravel-share",
            "version": "2.0.3",
            "source": {
                "type": "git",
                "url": "https://github.com/jorenvh/laravel-share.git",
                "reference": "908abcaf6cf2bf89c99595a79d0821990cf6057b"
            },
            "dist": {
                "type": "zip",
                "url": "https://api.github.com/repos/jorenvh/laravel-share/zipball/908abcaf6cf2bf89c99595a79d0821990cf6057b",
                "reference": "908abcaf6cf2bf89c99595a79d0821990cf6057b",
                "shasum": ""
            },
            "require": {
                "php": ">=5.6"
            },
            "require-dev": {
                "orchestra/testbench": "3.1.0|3.2.0|3.3.0",
                "phpunit/phpunit": "5.*"
            },
            "type": "library",
            "extra": {
                "laravel": {
                    "providers": [
                        "Jorenvh\\Share\\Providers\\ShareServiceProvider"
                    ],
                    "aliases": {
                        "Share": "Jorenvh\\Share\\ShareFacade"
                    }
                }
            },
            "autoload": {
                "psr-4": {
                    "Jorenvh\\Share\\": "src"
                }
            },
            "notification-url": "https://packagist.org/downloads/",
            "license": [
                "MIT"
            ],
            "authors": [
                {
                    "name": "Joren Van Hocht",
                    "email": "joren@codeswitch.be",
                    "homepage": "https://codeswitch.be",
                    "role": "Developer"
                }
            ],
            "description": "Optional package for Laravel to generate social share links.",
            "homepage": "https://github.com/jorenvh/laravel-share",
            "keywords": [
                "laravel",
                "share",
                "social links",
                "social share links"
            ],
            "time": "2018-12-29T11:38:31+00:00"
        }
    ],
    "packages-dev": [],
    "aliases": [],
    "minimum-stability": "stable",
    "stability-flags": [],
    "prefer-stable": false,
    "prefer-lowest": false,
    "platform": [],
    "platform-dev": []
}
